
Microsoft Visual Studio Solution File, Format Version 12.00
# Visual Studio 15
VisualStudioVersion = 15.0.26730.8
MinimumVisualStudioVersion = 10.0.40219.1
Project("{9A19103F-16F7-4668-BE54-9A1E7A4F7556}") = "DeluxeRestApp", "DeluxeRestApp\DeluxeRestApp.csproj", "{DE7F5388-A1C5-4CC9-AB63-B17A89BB6D33}"
EndProject
Project("{9A19103F-16F7-4668-BE54-9A1E7A4F7556}") = "Models", "Models\Models.csproj", "{19511612-49E7-4C9F-92B0-DC17C2433301}"
EndProject
Project("{9A19103F-16F7-4668-BE54-9A1E7A4F7556}") = "Interfaces", "Interfaces\Interfaces.csproj", "{2FADD220-322E-4A94-AD7A-68D43F22D142}"
EndProject
Project("{9A19103F-16F7-4668-BE54-9A1E7A4F7556}") = "GithubServices", "GithubServices\GithubServices.csproj", "{431D742B-4D71-43DC-B012-B2DE454760B9}"
EndProject
Project("{9A19103F-16F7-4668-BE54-9A1E7A4F7556}") = "TestApp", "TestApp\TestApp.csproj", "{75AF06C3-5461-46C4-823A-ADC14BE548C6}"
EndProject
Project("{9A19103F-16F7-4668-BE54-9A1E7A4F7556}") = "Mocks", "Mocks\Mocks.csproj", "{E534738A-A88C-49F5-9EC8-9B3068C5769A}"
EndProject
Project("{FAE04EC0-301F-11D3-BF4B-00C04F79EFBC}") = "UnitTests", "UnitTests\UnitTests.csproj", "{DB850025-E41E-4F05-B066-E5C0A7B189EC}"
EndProject
Global
	GlobalSection(SolutionConfigurationPlatforms) = preSolution
		Debug|Any CPU = Debug|Any CPU
		Release|Any CPU = Release|Any CPU
	EndGlobalSection
	GlobalSection(ProjectConfigurationPlatforms) = postSolution
		{DE7F5388-A1C5-4CC9-AB63-B17A89BB6D33}.Debug|Any CPU.ActiveCfg = Debug|Any CPU
		{DE7F5388-A1C5-4CC9-AB63-B17A89BB6D33}.Debug|Any CPU.Build.0 = Debug|Any CPU
		{DE7F5388-A1C5-4CC9-AB63-B17A89BB6D33}.Release|Any CPU.ActiveCfg = Release|Any CPU
		{DE7F5388-A1C5-4CC9-AB63-B17A89BB6D33}.Release|Any CPU.Build.0 = Release|Any CPU
		{19511612-49E7-4C9F-92B0-DC17C2433301}.Debug|Any CPU.ActiveCfg = Debug|Any CPU
		{19511612-49E7-4C9F-92B0-DC17C2433301}.Debug|Any CPU.Build.0 = Debug|Any CPU
		{19511612-49E7-4C9F-92B0-DC17C2433301}.Release|Any CPU.ActiveCfg = Release|Any CPU
		{19511612-49E7-4C9F-92B0-DC17C2433301}.Release|Any CPU.Build.0 = Release|Any CPU
		{2FADD220-322E-4A94-AD7A-68D43F22D142}.Debug|Any CPU.ActiveCfg = Debug|Any CPU
		{2FADD220-322E-4A94-AD7A-68D43F22D142}.Debug|Any CPU.Build.0 = Debug|Any CPU
		{2FADD220-322E-4A94-AD7A-68D43F22D142}.Release|Any CPU.ActiveCfg = Release|Any CPU
		{2FADD220-322E-4A94-AD7A-68D43F22D142}.Release|Any CPU.Build.0 = Release|Any CPU
		{431D742B-4D71-43DC-B012-B2DE454760B9}.Debug|Any CPU.ActiveCfg = Debug|Any CPU
		{431D742B-4D71-43DC-B012-B2DE454760B9}.Debug|Any CPU.Build.0 = Debug|Any CPU
		{431D742B-4D71-43DC-B012-B2DE454760B9}.Release|Any CPU.ActiveCfg = Release|Any CPU
		{431D742B-4D71-43DC-B012-B2DE454760B9}.Release|Any CPU.Build.0 = Release|Any CPU
		{75AF06C3-5461-46C4-823A-ADC14BE548C6}.Debug|Any CPU.ActiveCfg = Debug|Any CPU
		{75AF06C3-5461-46C4-823A-ADC14BE548C6}.Debug|Any CPU.Build.0 = Debug|Any CPU
		{75AF06C3-5461-46C4-823A-ADC14BE548C6}.Release|Any CPU.ActiveCfg = Release|Any CPU
		{75AF06C3-5461-46C4-823A-ADC14BE548C6}.Release|Any CPU.Build.0 = Release|Any CPU
		{E534738A-A88C-49F5-9EC8-9B3068C5769A}.Debug|Any CPU.ActiveCfg = Debug|Any CPU
		{E534738A-A88C-49F5-9EC8-9B3068C5769A}.Debug|Any CPU.Build.0 = Debug|Any CPU
		{E534738A-A88C-49F5-9EC8-9B3068C5769A}.Release|Any CPU.ActiveCfg = Release|Any CPU
		{E534738A-A88C-49F5-9EC8-9B3068C5769A}.Release|Any CPU.Build.0 = Release|Any CPU
		{DB850025-E41E-4F05-B066-E5C0A7B189EC}.Debug|Any CPU.ActiveCfg = Debug|Any CPU
		{DB850025-E41E-4F05-B066-E5C0A7B189EC}.Debug|Any CPU.Build.0 = Debug|Any CPU
		{DB850025-E41E-4F05-B066-E5C0A7B189EC}.Release|Any CPU.ActiveCfg = Release|Any CPU
		{DB850025-E41E-4F05-B066-E5C0A7B189EC}.Release|Any CPU.Build.0 = Release|Any CPU
	EndGlobalSection
	GlobalSection(SolutionProperties) = preSolution
		HideSolutionNode = FALSE
	EndGlobalSection
	GlobalSection(ExtensibilityGlobals) = postSolution
		SolutionGuid = {F3DDC70F-5A82-413A-9127-441519224930}
	EndGlobalSection
EndGlobal
